// !$*UTF8*$!
{
	archiveVersion = 1;
	classes = {
	};
	objectVersion = 46;
	objects = {

/* Begin PBXBuildFile section */
		55DFC8A32066C420005BCAE2 /* GroupToDoTableViewController.swift in Sources */ = {isa = PBXBuildFile; fileRef = 55DFC8A22066C420005BCAE2 /* GroupToDoTableViewController.swift */; };
		55DFC8A52066CA29005BCAE2 /* Item.swift in Sources */ = {isa = PBXBuildFile; fileRef = 55DFC8A42066CA29005BCAE2 /* Item.swift */; };
		67E77ADB3E404243101FD530 /* Pods_MyBase.framework in Frameworks */ = {isa = PBXBuildFile; fileRef = 11EB27C402B26A2B29EB5476 /* Pods_MyBase.framework */; };
		71308D071DF9A8270001DF97 /* AppDelegate.swift in Sources */ = {isa = PBXBuildFile; fileRef = 71308D061DF9A8270001DF97 /* AppDelegate.swift */; };
		71308D091DF9A8270001DF97 /* ViewController.swift in Sources */ = {isa = PBXBuildFile; fileRef = 71308D081DF9A8270001DF97 /* ViewController.swift */; };
		71308D0C1DF9A8270001DF97 /* Main.storyboard in Resources */ = {isa = PBXBuildFile; fileRef = 71308D0A1DF9A8270001DF97 /* Main.storyboard */; };
		71308D0E1DF9A8270001DF97 /* Assets.xcassets in Resources */ = {isa = PBXBuildFile; fileRef = 71308D0D1DF9A8270001DF97 /* Assets.xcassets */; };
		71308D111DF9A8270001DF97 /* LaunchScreen.storyboard in Resources */ = {isa = PBXBuildFile; fileRef = 71308D0F1DF9A8270001DF97 /* LaunchScreen.storyboard */; };
		9B00E5812065AC20009A8A7D /* GoogleService-Info.plist in Resources */ = {isa = PBXBuildFile; fileRef = 9B00E5802065AC20009A8A7D /* GoogleService-Info.plist */; };
/* End PBXBuildFile section */

/* Begin PBXFileReference section */
		11EB27C402B26A2B29EB5476 /* Pods_MyBase.framework */ = {isa = PBXFileReference; explicitFileType = wrapper.framework; includeInIndex = 0; path = Pods_MyBase.framework; sourceTree = BUILT_PRODUCTS_DIR; };
		4420D97D03CBCD9653106DA0 /* Pods-MyBase.release.xcconfig */ = {isa = PBXFileReference; includeInIndex = 1; lastKnownFileType = text.xcconfig; name = "Pods-MyBase.release.xcconfig"; path = "Pods/Target Support Files/Pods-MyBase/Pods-MyBase.release.xcconfig"; sourceTree = "<group>"; };
		55DFC8A22066C420005BCAE2 /* GroupToDoTableViewController.swift */ = {isa = PBXFileReference; lastKnownFileType = sourcecode.swift; path = GroupToDoTableViewController.swift; sourceTree = "<group>"; };
		55DFC8A42066CA29005BCAE2 /* Item.swift */ = {isa = PBXFileReference; lastKnownFileType = sourcecode.swift; path = Item.swift; sourceTree = "<group>"; };
		68B33E47867DDD985A84FA4E /* Pods-MyBase.debug.xcconfig */ = {isa = PBXFileReference; includeInIndex = 1; lastKnownFileType = text.xcconfig; name = "Pods-MyBase.debug.xcconfig"; path = "Pods/Target Support Files/Pods-MyBase/Pods-MyBase.debug.xcconfig"; sourceTree = "<group>"; };
		71308D031DF9A8270001DF97 /* MyBase.app */ = {isa = PBXFileReference; explicitFileType = wrapper.application; includeInIndex = 0; path = MyBase.app; sourceTree = BUILT_PRODUCTS_DIR; };
		71308D061DF9A8270001DF97 /* AppDelegate.swift */ = {isa = PBXFileReference; lastKnownFileType = sourcecode.swift; path = AppDelegate.swift; sourceTree = "<group>"; };
		71308D081DF9A8270001DF97 /* ViewController.swift */ = {isa = PBXFileReference; lastKnownFileType = sourcecode.swift; path = ViewController.swift; sourceTree = "<group>"; };
		71308D0B1DF9A8270001DF97 /* Base */ = {isa = PBXFileReference; lastKnownFileType = file.storyboard; name = Base; path = Base.lproj/Main.storyboard; sourceTree = "<group>"; };
		71308D0D1DF9A8270001DF97 /* Assets.xcassets */ = {isa = PBXFileReference; lastKnownFileType = folder.assetcatalog; path = Assets.xcassets; sourceTree = "<group>"; };
		71308D101DF9A8270001DF97 /* Base */ = {isa = PBXFileReference; lastKnownFileType = file.storyboard; name = Base; path = Base.lproj/LaunchScreen.storyboard; sourceTree = "<group>"; };
		71308D121DF9A8270001DF97 /* Info.plist */ = {isa = PBXFileReference; lastKnownFileType = text.plist.xml; path = Info.plist; sourceTree = "<group>"; };
		713E26AD1DF9B14100020DE5 /* MyBase.entitlements */ = {isa = PBXFileReference; lastKnownFileType = text.plist.entitlements; path = MyBase.entitlements; sourceTree = "<group>"; };
		9B00E5802065AC20009A8A7D /* GoogleService-Info.plist */ = {isa = PBXFileReference; fileEncoding = 4; lastKnownFileType = text.plist.xml; path = "GoogleService-Info.plist"; sourceTree = "<group>"; };
/* End PBXFileReference section */

/* Begin PBXFrameworksBuildPhase section */
		71308D001DF9A8270001DF97 /* Frameworks */ = {
			isa = PBXFrameworksBuildPhase;
			buildActionMask = 2147483647;
			files = (
				67E77ADB3E404243101FD530 /* Pods_MyBase.framework in Frameworks */,
			);
			runOnlyForDeploymentPostprocessing = 0;
		};
/* End PBXFrameworksBuildPhase section */

/* Begin PBXGroup section */
		71308CFA1DF9A8270001DF97 = {
			isa = PBXGroup;
			children = (
				71308D051DF9A8270001DF97 /* MyBase */,
				71308D041DF9A8270001DF97 /* Products */,
				8738877F4E1BBC4963CA7426 /* Pods */,
				D0E58A2C98A1180CDB2D7113 /* Frameworks */,
			);
			sourceTree = "<group>";
		};
		71308D041DF9A8270001DF97 /* Products */ = {
			isa = PBXGroup;
			children = (
				71308D031DF9A8270001DF97 /* MyBase.app */,
			);
			name = Products;
			sourceTree = "<group>";
		};
		71308D051DF9A8270001DF97 /* MyBase */ = {
			isa = PBXGroup;
			children = (
				713E26AD1DF9B14100020DE5 /* MyBase.entitlements */,
				71308D061DF9A8270001DF97 /* AppDelegate.swift */,
				71308D081DF9A8270001DF97 /* ViewController.swift */,
				71308D0A1DF9A8270001DF97 /* Main.storyboard */,
				55DFC8A22066C420005BCAE2 /* GroupToDoTableViewController.swift */,
				55DFC8A42066CA29005BCAE2 /* Item.swift */,
				71308D0D1DF9A8270001DF97 /* Assets.xcassets */,
				71308D0F1DF9A8270001DF97 /* LaunchScreen.storyboard */,
				9B00E5802065AC20009A8A7D /* GoogleService-Info.plist */,
				71308D121DF9A8270001DF97 /* Info.plist */,
			);
			path = MyBase;
			sourceTree = "<group>";
		};
		8738877F4E1BBC4963CA7426 /* Pods */ = {
			isa = PBXGroup;
			children = (
				68B33E47867DDD985A84FA4E /* Pods-MyBase.debug.xcconfig */,
				4420D97D03CBCD9653106DA0 /* Pods-MyBase.release.xcconfig */,
			);
			name = Pods;
			sourceTree = "<group>";
		};
		D0E58A2C98A1180CDB2D7113 /* Frameworks */ = {
			isa = PBXGroup;
			children = (
				11EB27C402B26A2B29EB5476 /* Pods_MyBase.framework */,
			);
			name = Frameworks;
			sourceTree = "<group>";
		};
/* End PBXGroup section */

/* Begin PBXNativeTarget section */
		71308D021DF9A8270001DF97 /* MyBase */ = {
			isa = PBXNativeTarget;
			buildConfigurationList = 71308D151DF9A8270001DF97 /* Build configuration list for PBXNativeTarget "MyBase" */;
			buildPhases = (
				5CD9D022CF06B7B8C073A183 /* [CP] Check Pods Manifest.lock */,
				71308CFF1DF9A8270001DF97 /* Sources */,
				71308D001DF9A8270001DF97 /* Frameworks */,
				71308D011DF9A8270001DF97 /* Resources */,
				E2BDBAD2F8F547CF98717C15 /* [CP] Embed Pods Frameworks */,
				751446276A015724A756A133 /* [CP] Copy Pods Resources */,
			);
			buildRules = (
			);
			dependencies = (
			);
			name = MyBase;
			productName = MyBase;
			productReference = 71308D031DF9A8270001DF97 /* MyBase.app */;
			productType = "com.apple.product-type.application";
		};
/* End PBXNativeTarget section */

/* Begin PBXProject section */
		71308CFB1DF9A8270001DF97 /* Project object */ = {
			isa = PBXProject;
			attributes = {
				LastSwiftUpdateCheck = 0810;
				LastUpgradeCheck = 0920;
				ORGANIZATIONNAME = "Daniel Macedo";
				TargetAttributes = {
					71308D021DF9A8270001DF97 = {
						CreatedOnToolsVersion = 8.1;
						DevelopmentTeam = 58F5YQJ59X;
						LastSwiftMigration = 0920;
						ProvisioningStyle = Automatic;
						SystemCapabilities = {
							com.apple.Keychain = {
								enabled = 1;
							};
						};
					};
				};
			};
			buildConfigurationList = 71308CFE1DF9A8270001DF97 /* Build configuration list for PBXProject "MyBase" */;
			compatibilityVersion = "Xcode 3.2";
			developmentRegion = English;
			hasScannedForEncodings = 0;
			knownRegions = (
				en,
				Base,
			);
			mainGroup = 71308CFA1DF9A8270001DF97;
			productRefGroup = 71308D041DF9A8270001DF97 /* Products */;
			projectDirPath = "";
			projectRoot = "";
			targets = (
				71308D021DF9A8270001DF97 /* MyBase */,
			);
		};
/* End PBXProject section */

/* Begin PBXResourcesBuildPhase section */
		71308D011DF9A8270001DF97 /* Resources */ = {
			isa = PBXResourcesBuildPhase;
			buildActionMask = 2147483647;
			files = (
				71308D111DF9A8270001DF97 /* LaunchScreen.storyboard in Resources */,
				9B00E5812065AC20009A8A7D /* GoogleService-Info.plist in Resources */,
				71308D0E1DF9A8270001DF97 /* Assets.xcassets in Resources */,
				71308D0C1DF9A8270001DF97 /* Main.storyboard in Resources */,
			);
			runOnlyForDeploymentPostprocessing = 0;
		};
/* End PBXResourcesBuildPhase section */

/* Begin PBXShellScriptBuildPhase section */
		5CD9D022CF06B7B8C073A183 /* [CP] Check Pods Manifest.lock */ = {
			isa = PBXShellScriptBuildPhase;
			buildActionMask = 2147483647;
			files = (
			);
			inputPaths = (
			);
			name = "[CP] Check Pods Manifest.lock";
			outputPaths = (
			);
			runOnlyForDeploymentPostprocessing = 0;
			shellPath = /bin/sh;
			shellScript = "diff \"${PODS_ROOT}/../Podfile.lock\" \"${PODS_ROOT}/Manifest.lock\" > /dev/null\nif [ $? != 0 ] ; then\n    # print error to STDERR\n    echo \"error: The sandbox is not in sync with the Podfile.lock. Run 'pod install' or update your CocoaPods installation.\" >&2\n    exit 1\nfi\n";
			showEnvVarsInLog = 0;
		};
		751446276A015724A756A133 /* [CP] Copy Pods Resources */ = {
			isa = PBXShellScriptBuildPhase;
			buildActionMask = 2147483647;
			files = (
			);
			inputPaths = (
			);
			name = "[CP] Copy Pods Resources";
			outputPaths = (
			);
			runOnlyForDeploymentPostprocessing = 0;
			shellPath = /bin/sh;
			shellScript = "\"${SRCROOT}/Pods/Target Support Files/Pods-MyBase/Pods-MyBase-resources.sh\"\n";
			showEnvVarsInLog = 0;
		};
		E2BDBAD2F8F547CF98717C15 /* [CP] Embed Pods Frameworks */ = {
			isa = PBXShellScriptBuildPhase;
			buildActionMask = 2147483647;
			files = (
			);
			inputPaths = (
			);
			name = "[CP] Embed Pods Frameworks";
			outputPaths = (
			);
			runOnlyForDeploymentPostprocessing = 0;
			shellPath = /bin/sh;
			shellScript = "\"${SRCROOT}/Pods/Target Support Files/Pods-MyBase/Pods-MyBase-frameworks.sh\"\n";
			showEnvVarsInLog = 0;
		};
/* End PBXShellScriptBuildPhase section */

/* Begin PBXSourcesBuildPhase section */
		71308CFF1DF9A8270001DF97 /* Sources */ = {
			isa = PBXSourcesBuildPhase;
			buildActionMask = 2147483647;
			files = (
				55DFC8A52066CA29005BCAE2 /* Item.swift in Sources */,
				71308D091DF9A8270001DF97 /* ViewController.swift in Sources */,
				55DFC8A32066C420005BCAE2 /* GroupToDoTableViewController.swift in Sources */,
				71308D071DF9A8270001DF97 /* AppDelegate.swift in Sources */,
			);
			runOnlyForDeploymentPostprocessing = 0;
		};
/* End PBXSourcesBuildPhase section */

/* Begin PBXVariantGroup section */
		71308D0A1DF9A8270001DF97 /* Main.storyboard */ = {
			isa = PBXVariantGroup;
			children = (
				71308D0B1DF9A8270001DF97 /* Base */,
			);
			name = Main.storyboard;
			sourceTree = "<group>";
		};
		71308D0F1DF9A8270001DF97 /* LaunchScreen.storyboard */ = {
			isa = PBXVariantGroup;
			children = (
				71308D101DF9A8270001DF97 /* Base */,
			);
			name = LaunchScreen.storyboard;
			sourceTree = "<group>";
		};
/* End PBXVariantGroup section */

/* Begin XCBuildConfiguration section */
		71308D131DF9A8270001DF97 /* Debug */ = {
			isa = XCBuildConfiguration;
			buildSettings = {
				ALWAYS_SEARCH_USER_PATHS = NO;
				CLANG_ANALYZER_NONNULL = YES;
				CLANG_CXX_LANGUAGE_STANDARD = "gnu++0x";
				CLANG_CXX_LIBRARY = "libc++";
				CLANG_ENABLE_MODULES = YES;
				CLANG_ENABLE_OBJC_ARC = YES;
				CLANG_WARN_BLOCK_CAPTURE_AUTORELEASING = YES;
				CLANG_WARN_BOOL_CONVERSION = YES;
				CLANG_WARN_COMMA = YES;
				CLANG_WARN_CONSTANT_CONVERSION = YES;
				CLANG_WARN_DIRECT_OBJC_ISA_USAGE = YES_ERROR;
				CLANG_WARN_DOCUMENTATION_COMMENTS = YES;
				CLANG_WARN_EMPTY_BODY = YES;
				CLANG_WARN_ENUM_CONVERSION = YES;
				CLANG_WARN_INFINITE_RECURSION = YES;
				CLANG_WARN_INT_CONVERSION = YES;
				CLANG_WARN_NON_LITERAL_NULL_CONVERSION = YES;
				CLANG_WARN_OBJC_LITERAL_CONVERSION = YES;
				CLANG_WARN_OBJC_ROOT_CLASS = YES_ERROR;
				CLANG_WARN_RANGE_LOOP_ANALYSIS = YES;
				CLANG_WARN_STRICT_PROTOTYPES = YES;
				CLANG_WARN_SUSPICIOUS_MOVE = YES;
				CLANG_WARN_SUSPICIOUS_MOVES = YES;
				CLANG_WARN_UNREACHABLE_CODE = YES;
				CLANG_WARN__DUPLICATE_METHOD_MATCH = YES;
				"CODE_SIGN_IDENTITY[sdk=iphoneos*]" = "iPhone Developer";
				COPY_PHASE_STRIP = NO;
				DEBUG_INFORMATION_FORMAT = dwarf;
				ENABLE_STRICT_OBJC_MSGSEND = YES;
				ENABLE_TESTABILITY = YES;
				GCC_C_LANGUAGE_STANDARD = gnu99;
				GCC_DYNAMIC_NO_PIC = NO;
				GCC_NO_COMMON_BLOCKS = YES;
				GCC_OPTIMIZATION_LEVEL = 0;
				GCC_PREPROCESSOR_DEFINITIONS = (
					"DEBUG=1",
					"$(inherited)",
				);
				GCC_WARN_64_TO_32_BIT_CONVERSION = YES;
				GCC_WARN_ABOUT_RETURN_TYPE = YES_ERROR;
				GCC_WARN_UNDECLARED_SELECTOR = YES;
				GCC_WARN_UNINITIALIZED_AUTOS = YES_AGGRESSIVE;
				GCC_WARN_UNUSED_FUNCTION = YES;
				GCC_WARN_UNUSED_VARIABLE = YES;
				IPHONEOS_DEPLOYMENT_TARGET = 10.1;
				MTL_ENABLE_DEBUG_INFO = YES;
				ONLY_ACTIVE_ARCH = YES;
				SDKROOT = iphoneos;
				SWIFT_ACTIVE_COMPILATION_CONDITIONS = DEBUG;
				SWIFT_OPTIMIZATION_LEVEL = "-Onone";
			};
			name = Debug;
		};
		71308D141DF9A8270001DF97 /* Release */ = {
			isa = XCBuildConfiguration;
			buildSettings = {
				ALWAYS_SEARCH_USER_PATHS = NO;
				CLANG_ANALYZER_NONNULL = YES;
				CLANG_CXX_LANGUAGE_STANDARD = "gnu++0x";
				CLANG_CXX_LIBRARY = "libc++";
				CLANG_ENABLE_MODULES = YES;
				CLANG_ENABLE_OBJC_ARC = YES;
				CLANG_WARN_BLOCK_CAPTURE_AUTORELEASING = YES;
				CLANG_WARN_BOOL_CONVERSION = YES;
				CLANG_WARN_COMMA = YES;
				CLANG_WARN_CONSTANT_CONVERSION = YES;
				CLANG_WARN_DIRECT_OBJC_ISA_USAGE = YES_ERROR;
				CLANG_WARN_DOCUMENTATION_COMMENTS = YES;
				CLANG_WARN_EMPTY_BODY = YES;
				CLANG_WARN_ENUM_CONVERSION = YES;
				CLANG_WARN_INFINITE_RECURSION = YES;
				CLANG_WARN_INT_CONVERSION = YES;
				CLANG_WARN_NON_LITERAL_NULL_CONVERSION = YES;
				CLANG_WARN_OBJC_LITERAL_CONVERSION = YES;
				CLANG_WARN_OBJC_ROOT_CLASS = YES_ERROR;
				CLANG_WARN_RANGE_LOOP_ANALYSIS = YES;
				CLANG_WARN_STRICT_PROTOTYPES = YES;
				CLANG_WARN_SUSPICIOUS_MOVE = YES;
				CLANG_WARN_SUSPICIOUS_MOVES = YES;
				CLANG_WARN_UNREACHABLE_CODE = YES;
				CLANG_WARN__DUPLICATE_METHOD_MATCH = YES;
				"CODE_SIGN_IDENTITY[sdk=iphoneos*]" = "iPhone Developer";
				COPY_PHASE_STRIP = NO;
				DEBUG_INFORMATION_FORMAT = "dwarf-with-dsym";
				ENABLE_NS_ASSERTIONS = NO;
				ENABLE_STRICT_OBJC_MSGSEND = YES;
				GCC_C_LANGUAGE_STANDARD = gnu99;
				GCC_NO_COMMON_BLOCKS = YES;
				GCC_WARN_64_TO_32_BIT_CONVERSION = YES;
				GCC_WARN_ABOUT_RETURN_TYPE = YES_ERROR;
				GCC_WARN_UNDECLARED_SELECTOR = YES;
				GCC_WARN_UNINITIALIZED_AUTOS = YES_AGGRESSIVE;
				GCC_WARN_UNUSED_FUNCTION = YES;
				GCC_WARN_UNUSED_VARIABLE = YES;
				IPHONEOS_DEPLOYMENT_TARGET = 10.1;
				MTL_ENABLE_DEBUG_INFO = NO;
				SDKROOT = iphoneos;
				SWIFT_OPTIMIZATION_LEVEL = "-Owholemodule";
				VALIDATE_PRODUCT = YES;
			};
			name = Release;
		};
		71308D161DF9A8270001DF97 /* Debug */ = {
			isa = XCBuildConfiguration;
			baseConfigurationReference = 68B33E47867DDD985A84FA4E /* Pods-MyBase.debug.xcconfig */;
			buildSettings = {
				ASSETCATALOG_COMPILER_APPICON_NAME = AppIcon;
				CODE_SIGN_ENTITLEMENTS = MyBase/MyBase.entitlements;
				DEVELOPMENT_TEAM = 58F5YQJ59X;
				INFOPLIST_FILE = MyBase/Info.plist;
				LD_RUNPATH_SEARCH_PATHS = "$(inherited) @executable_path/Frameworks";
				PRODUCT_BUNDLE_IDENTIFIER = com.todo;
				PRODUCT_NAME = "$(TARGET_NAME)";
				SWIFT_SWIFT3_OBJC_INFERENCE = On;
				SWIFT_VERSION = 4.0;
			};
			name = Debug;
		};
		71308D171DF9A8270001DF97 /* Release */ = {
			isa = XCBuildConfiguration;
			baseConfigurationReference = 4420D97D03CBCD9653106DA0 /* Pods-MyBase.release.xcconfig */;
			buildSettings = {
				ASSETCATALOG_COMPILER_APPICON_NAME = AppIcon;
				CODE_SIGN_ENTITLEMENTS = MyBase/MyBase.entitlements;
				DEVELOPMENT_TEAM = 58F5YQJ59X;
				INFOPLIST_FILE = MyBase/Info.plist;
				LD_RUNPATH_SEARCH_PATHS = "$(inherited) @executable_path/Frameworks";
				PRODUCT_BUNDLE_IDENTIFIER = com.todo;
				PRODUCT_NAME = "$(TARGET_NAME)";
				SWIFT_SWIFT3_OBJC_INFERENCE = On;
				SWIFT_VERSION = 4.0;
			};
			name = Release;
		};
/* End XCBuildConfiguration section */

/* Begin XCConfigurationList section */
		71308CFE1DF9A8270001DF97 /* Build configuration list for PBXProject "MyBase" */ = {
			isa = XCConfigurationList;
			buildConfigurations = (
				71308D131DF9A8270001DF97 /* Debug */,
				71308D141DF9A8270001DF97 /* Release */,
			);
			defaultConfigurationIsVisible = 0;
			defaultConfigurationName = Release;
		};
		71308D151DF9A8270001DF97 /* Build configuration list for PBXNativeTarget "MyBase" */ = {
			isa = XCConfigurationList;
			buildConfigurations = (
				71308D161DF9A8270001DF97 /* Debug */,
				71308D171DF9A8270001DF97 /* Release */,
			);
			defaultConfigurationIsVisible = 0;
			defaultConfigurationName = Release;
		};
/* End XCConfigurationList section */
	};
	rootObject = 71308CFB1DF9A8270001DF97 /* Project object */;
}
